{
  "name": "StreamVibe",
  "lockfileVersion": 3,
  "requires": true,
  "packages": {
    "": {
      "dependencies": {
        "react": "^19.2.0-canary-4448b187-20250515",
        "react-dom": "^19.2.0-canary-4448b187-20250515"
      }
    },
    "node_modules/react": {
      "version": "19.2.0-canary-4448b187-20250515",
      "resolved": "https://registry.npmjs.org/react/-/react-19.2.0-canary-4448b187-20250515.tgz",
      "integrity": "sha512-XU13V8AnU5+2/PeqZela97gmLo1nxDOJJHvuDogNdrodwLF9vu3Fjxf/Y8uBfeZzhP3qm+psotuvqZa+fMIbdQ==",
      "engines": {
        "node": ">=0.10.0"
      }
    },
    "node_modules/react-dom": {
      "version": "19.2.0-canary-4448b187-20250515",
      "resolved": "https://registry.npmjs.org/react-dom/-/react-dom-19.2.0-canary-4448b187-20250515.tgz",
      "integrity": "sha512-io3kcaBsPKQqGyinRqSIpofTXJGw944vCPLHvt0QDs87C++FthmsDhItmsutteaspEzhFkdg7tNnOMkxnqxlRw==",
      "dependencies": {
        "scheduler": "0.27.0-canary-4448b187-20250515"
      },
      "peerDependencies": {
        "react": "19.2.0-canary-4448b187-20250515"
      }
    },
    "node_modules/scheduler": {
      "version": "0.27.0-canary-4448b187-20250515",
      "resolved": "https://registry.npmjs.org/scheduler/-/scheduler-0.27.0-canary-4448b187-20250515.tgz",
      "integrity": "sha512-pWlvx5WIZTg5Imi8w5LY6GGsPLjQm0mQ9TWXa3m8KFqh1tQ7IPumZ+/ZXPqbOB/Nh3rMfkRAiWCOC2UnDX5UfQ=="
    }
  }
}
